# THIS IS AN AUTOGENERATED FILE. DO NOT EDIT THIS FILE DIRECTLY.
# yarn lockfile v1


"@derhuerst/round-robin-scheduler@^1.0.1":
  version "1.0.1"
  resolved "https://registry.yarnpkg.com/@derhuerst/round-robin-scheduler/-/round-robin-scheduler-1.0.1.tgz#59c3c88989d14d0f7981e903234d9c12f24cdbd3"
  integrity sha512-LlXrwoRoZQwmAQqIa6uVUZKjV36zo09b8jcCANw+rOIrcQqv9ZdbNIG3f2aav6dzRyNmHxcEUNk+W8npW1ZF4g==

"@mapbox/polyline@^1.0.0":
  version "1.0.0"
  resolved "https://registry.yarnpkg.com/@mapbox/polyline/-/polyline-1.0.0.tgz#b6f1c3cf61f8dddcf9ac6dce0b2e50e5f4e965bc"
  integrity sha512-5Vu99e/+kVF0h0eiWa3er3bYnjorq6SGTn06HqeinFAETlQpcHGj7+DanmFlNyXkgvRcKi0nQytuMm6QA2CkAQ==

async-limiter@~1.0.0:
  version "1.0.0"
  resolved "https://registry.yarnpkg.com/async-limiter/-/async-limiter-1.0.0.tgz#78faed8c3d074ab81f22b4e985d79e8738f720f8"
  integrity sha512-jp/uFnooOiO+L211eZOoSyzpOITMXx1rBITauYykG3BRYPu8h0UcxsPNB04RR5vo4Tyz3+ay17tR6JVf9qzYWg==

br2nl@^1.0.0:
  version "1.0.0"
  resolved "https://registry.yarnpkg.com/br2nl/-/br2nl-1.0.0.tgz#04c16ff5078431f5bd8e3085e47dafcfad2ceba3"
  integrity sha512-xD7Q1fFqEHTJ4SSCMigJs+hgb2B0tsuV2Wu0OwuPiemf2JSydvt/m6LMHFDYbF/jNWNeO6CQLn5/dFeKArHQSw==

capture-stack-trace@^1.0.0:
  version "1.0.1"
  resolved "https://registry.yarnpkg.com/capture-stack-trace/-/capture-stack-trace-1.0.1.tgz#a6c0bbe1f38f3aa0b92238ecb6ff42c344d4135d"
  integrity sha512-mYQLZnx5Qt1JgB1WEiMCf2647plpGeQ2NMR/5L0HNZzGQo4fuSPnK+wjfPnKZV0aiJDgzmWqqkV/g7JD+DW0qw==

cipher-base@^1.0.1:
  version "1.0.4"
  resolved "https://registry.yarnpkg.com/cipher-base/-/cipher-base-1.0.4.tgz#8760e4ecc272f4c363532f926d874aae2c1397de"
  integrity sha512-Kkht5ye6ZGmwv40uUDZztayT2ThLQGfnj/T71N/XzeZeo3nf8foyW7zGTsPYkEya3m5f3cAypH+qe7YOrM1U2Q==
  dependencies:
    inherits "^2.0.1"
    safe-buffer "^5.0.1"

create-hash@^1.2.0:
  version "1.2.0"
  resolved "https://registry.yarnpkg.com/create-hash/-/create-hash-1.2.0.tgz#889078af11a63756bcfb59bd221996be3a9ef196"
  integrity sha512-z00bCGNHDG8mHAkP7CtT1qVu+bFQUPjYq/4Iv3C3kWjTFV10zIjfSoeqXo9Asws8gwSHDGj/hl2u4OGIjapeCg==
  dependencies:
    cipher-base "^1.0.1"
    inherits "^2.0.1"
    md5.js "^1.3.4"
    ripemd160 "^2.0.1"
    sha.js "^2.4.0"

cross-spawn@^6.0.0:
  version "6.0.5"
  resolved "https://registry.yarnpkg.com/cross-spawn/-/cross-spawn-6.0.5.tgz#4a5ec7c64dfae22c3a14124dbacdee846d80cbc4"
  integrity sha512-eTVLrBSt7fjbDygz805pMnstIs2VTBNkRm0qxZd+M7A5XDdxVRWO5MxGBXZhjY4cqLYLdtrGqRf8mBPmzwSpWQ==
  dependencies:
    nice-try "^1.0.4"
    path-key "^2.0.1"
    semver "^5.5.0"
    shebang-command "^1.2.0"
    which "^1.2.9"

debug@^3.1.0:
  version "3.2.6"
  resolved "https://registry.yarnpkg.com/debug/-/debug-3.2.6.tgz#e83d17de16d8a7efb7717edbe5fb10135eee629b"
  integrity sha512-mel+jf7nrtEl5Pn1Qx46zARXKDpBbvzezse7p7LqINmdoIk8PYP5SySaxEmYv6TZ0JyEKA1hsCId6DIhgITtWQ==
  dependencies:
    ms "^2.1.1"

decode-uri-component@^0.2.0:
  version "0.2.0"
  resolved "https://registry.yarnpkg.com/decode-uri-component/-/decode-uri-component-0.2.0.tgz#eb3913333458775cb84cd1a1fae062106bb87545"
  integrity sha1-6zkTMzRYd1y4TNGh+uBiEGu4dUU=

end-of-stream@^1.1.0:
  version "1.4.1"
  resolved "https://registry.yarnpkg.com/end-of-stream/-/end-of-stream-1.4.1.tgz#ed29634d19baba463b6ce6b80a37213eab71ec43"
  integrity sha512-1MkrZNvWTKCaigbn+W15elq2BB/L22nqrSY5DKlo3X6+vclJm8Bb5djXJBmEX6fS3+zCh/F4VBK5Z2KxJt4s2Q==
  dependencies:
    once "^1.4.0"

execa@^1.0.0:
  version "1.0.0"
  resolved "https://registry.yarnpkg.com/execa/-/execa-1.0.0.tgz#c6236a5bb4df6d6f15e88e7f017798216749ddd8"
  integrity sha512-adbxcyWV46qiHyvSp50TKt05tB4tK3HcmF7/nxfAdhnox83seTDbwnaqKO4sXRy7roHAIFqJP/Rw/AuEbX61LA==
  dependencies:
    cross-spawn "^6.0.0"
    get-stream "^4.0.0"
    is-stream "^1.1.0"
    npm-run-path "^2.0.0"
    p-finally "^1.0.0"
    signal-exit "^3.0.0"
    strip-eof "^1.0.0"

fetch-ponyfill@^6.0.0:
  version "6.0.2"
  resolved "https://registry.yarnpkg.com/fetch-ponyfill/-/fetch-ponyfill-6.0.2.tgz#bc2d92afd0140e39518beccd2fd0682ab4491cb6"
  integrity sha512-hBWVb6Z0chjr9r0g4N5uknldAnyFstWTnX6oFxMsL9ZlSL7fa66Keis3y4SCMgpTggY4GeGbB4z3z5g5SmrgkQ==
  dependencies:
    node-fetch "~2.1.0"

get-stream@^4.0.0:
  version "4.1.0"
  resolved "https://registry.yarnpkg.com/get-stream/-/get-stream-4.1.0.tgz#c1b255575f3dc21d59bfc79cd3d2b46b1c3a54b5"
  integrity sha512-GMat4EJ5161kIy2HevLlr4luNjBgvmj413KaQA7jt4V8B4RDsfpHk7WQ9GVqfYyyx8OS/L66Kox+rJRNklLK7w==
  dependencies:
    pump "^3.0.0"

gps-distance@0.0.4:
  version "0.0.4"
  resolved "https://registry.yarnpkg.com/gps-distance/-/gps-distance-0.0.4.tgz#f0b4a8172c668fdec065291a4999b961f1916d10"
  integrity sha1-8LSoFyxmj97AZSkaSZm5YfGRbRA=

hafas-client@^3.0.0:
  version "3.7.0"
  resolved "https://registry.yarnpkg.com/hafas-client/-/hafas-client-3.7.0.tgz#6b6f0ae2ae619478a9ba640b94f877f55f5d336a"
  integrity sha512-cbwD0f4Gb/VqPFYkfp6GKcbua/HoveQKqHoXnX0qicCeYV6dKB8UZzRWkSZ9h7BbHZ6WQ0d6hEMay+TKNTYgTw==
  dependencies:
    "@mapbox/polyline" "^1.0.0"
    br2nl "^1.0.0"
    capture-stack-trace "^1.0.0"
    create-hash "^1.2.0"
    fetch-ponyfill "^6.0.0"
    gps-distance "0.0.4"
    lodash "^4.17.5"
    luxon "^1.3.0"
    p-retry "^2.0.0"
    p-throttle "^2.1.0"
    pinkie-promise "^2.0.1"
    query-string "^6.0.0"
    slugg "^1.2.0"
    vbb-parse-line "^0.3.1"
    vbb-parse-ticket "^0.2.1"
    vbb-short-station-name "^1.0.1"
    vbb-stations "^6.2.1"
    vbb-translate-ids "^3.1.0"

hash-base@^3.0.0:
  version "3.0.4"
  resolved "https://registry.yarnpkg.com/hash-base/-/hash-base-3.0.4.tgz#5fc8686847ecd73499403319a6b0a3f3f6ae4918"
  integrity sha1-X8hoaEfs1zSZQDMZprCj8/auSRg=
  dependencies:
    inherits "^2.0.1"
    safe-buffer "^5.0.1"

inherits@^2.0.1:
  version "2.0.3"
  resolved "https://registry.yarnpkg.com/inherits/-/inherits-2.0.3.tgz#633c2c83e3da42a502f52466022480f4208261de"
  integrity sha1-Yzwsg+PaQqUC9SRmAiSA9CCCYd4=

is-stream@^1.1.0:
  version "1.1.0"
  resolved "https://registry.yarnpkg.com/is-stream/-/is-stream-1.1.0.tgz#12d4a3dd4e68e0b79ceb8dbc84173ae80d91ca44"
  integrity sha1-EtSj3U5o4Lec6428hBc66A2RykQ=

isexe@^2.0.0:
  version "2.0.0"
  resolved "https://registry.yarnpkg.com/isexe/-/isexe-2.0.0.tgz#e8fbf374dc556ff8947a10dcb0572d633f2cfa10"
  integrity sha1-6PvzdNxVb/iUehDcsFctYz8s+hA=

jsonrpc-lite@^1.3.1:
  version "1.3.1"
  resolved "https://registry.yarnpkg.com/jsonrpc-lite/-/jsonrpc-lite-1.3.1.tgz#5c33086071793a0806e6c96e7c1ae92f4460ac50"
  integrity sha512-U8qzbbTFLWk58kKQHnvQufx8beO4InZH+XEZJEoObh6ENuLdVJV7UdFkWkFyjSjUaHD9Tfs5iEjtGrtVsNgevA==

lodash.get@^4.4.2:
  version "4.4.2"
  resolved "https://registry.yarnpkg.com/lodash.get/-/lodash.get-4.4.2.tgz#2d177f652fa31e939b4438d5341499dfa3825e99"
  integrity sha1-LRd/ZS+jHpObRDjVNBSZ36OCXpk=

lodash.omit@^4.5.0:
  version "4.5.0"
  resolved "https://registry.yarnpkg.com/lodash.omit/-/lodash.omit-4.5.0.tgz#6eb19ae5a1ee1dd9df0b969e66ce0b7fa30b5e60"
  integrity sha1-brGa5aHuHdnfC5aeZs4Lf6MLXmA=

lodash@^4.17.5:
  version "4.17.11"
  resolved "https://registry.yarnpkg.com/lodash/-/lodash-4.17.11.tgz#b39ea6229ef607ecd89e2c8df12536891cac9b8d"
  integrity sha512-cQKh8igo5QUhZ7lg38DYWAxMvjSAKG0A8wGSVimP07SIUEK2UO+arSRKbRZWtelMtN5V0Hkwh5ryOto/SshYIg==

luxon@^1.3.0:
  version "1.9.0"
  resolved "https://registry.yarnpkg.com/luxon/-/luxon-1.9.0.tgz#0a1d56a14cfe71a71024463498933da1a4796420"
  integrity sha512-N1kSwtIEhM/gIRGASXPgi1CwfQZX5VTjndYFjOsZdEEtWij2uSoRrgDGWwViZCUNY9Rwh4UVG/TLcUinHM20cA==

md5.js@^1.3.4:
  version "1.3.5"
  resolved "https://registry.yarnpkg.com/md5.js/-/md5.js-1.3.5.tgz#b5d07b8e3216e3e27cd728d72f70d1e6a342005f"
  integrity sha512-xitP+WxNPcTTOgnTJcrhM0xvdPepipPSf3I8EIpGKeFLjt3PlJLIDG3u8EX53ZIubkb+5U2+3rELYpEhHhzdkg==
  dependencies:
    hash-base "^3.0.0"
    inherits "^2.0.1"
    safe-buffer "^5.1.2"

ms@^2.1.1:
  version "2.1.1"
  resolved "https://registry.yarnpkg.com/ms/-/ms-2.1.1.tgz#30a5864eb3ebb0a66f2ebe6d727af06a09d86e0a"
  integrity sha512-tgp+dl5cGk28utYktBsrFqA7HKgrhgPsg6Z/EfhWI4gl1Hwq8B/GmY/0oXZ6nF8hDVesS/FpnYaD/kOWhYQvyg==

nice-try@^1.0.4:
  version "1.0.5"
  resolved "https://registry.yarnpkg.com/nice-try/-/nice-try-1.0.5.tgz#a3378a7696ce7d223e88fc9b764bd7ef1089e366"
  integrity sha512-1nh45deeb5olNY7eX82BkPO7SSxR5SSYJiPTrTdFUVYwAl8CKMA5N9PjTYkHiRjisVcxcQ1HXdLhx2qxxJzLNQ==

node-fetch@~2.1.0:
  version "2.1.2"
  resolved "https://registry.yarnpkg.com/node-fetch/-/node-fetch-2.1.2.tgz#ab884e8e7e57e38a944753cec706f788d1768bb5"
  integrity sha1-q4hOjn5X44qUR1POxwb3iNF2i7U=

npm-run-path@^2.0.0:
  version "2.0.2"
  resolved "https://registry.yarnpkg.com/npm-run-path/-/npm-run-path-2.0.2.tgz#35a9232dfa35d7067b4cb2ddf2357b1871536c5f"
  integrity sha1-NakjLfo11wZ7TLLd8jV7GHFTbF8=
  dependencies:
    path-key "^2.0.0"

once@^1.3.1, once@^1.4.0:
  version "1.4.0"
  resolved "https://registry.yarnpkg.com/once/-/once-1.4.0.tgz#583b1aa775961d4b113ac17d9c50baef9dd76bd1"
  integrity sha1-WDsap3WWHUsROsF9nFC6753Xa9E=
  dependencies:
    wrappy "1"

p-finally@^1.0.0:
  version "1.0.0"
  resolved "https://registry.yarnpkg.com/p-finally/-/p-finally-1.0.0.tgz#3fbcfb15b899a44123b34b6dcc18b724336a2cae"
  integrity sha1-P7z7FbiZpEEjs0ttzBi3JDNqLK4=

p-retry@^2.0.0:
  version "2.0.0"
  resolved "https://registry.yarnpkg.com/p-retry/-/p-retry-2.0.0.tgz#b97f1f4d6d81a3c065b2b40107b811e995c1bfba"
  integrity sha512-ZbCuzAmiwJ45q4evp/IG9D+5MUllGSUeCWwPt3j/tdYSi1KPkSD+46uqmAA1LhccDhOXv8kYZKNb8x78VflzfA==
  dependencies:
    retry "^0.12.0"

p-throttle@^2.1.0:
  version "2.1.0"
  resolved "https://registry.yarnpkg.com/p-throttle/-/p-throttle-2.1.0.tgz#d3cf3bc7a8aae17b814137270a207222e990da44"
  integrity sha512-DvChtxq2k1PfiK4uZXKA4IvRyuq/gP55tb6MQyMLGfYJifCjJY5lDMb94IQHZss/K/tmZx3fAsSC1IqP0e1OnA==

path-key@^2.0.0, path-key@^2.0.1:
  version "2.0.1"
  resolved "https://registry.yarnpkg.com/path-key/-/path-key-2.0.1.tgz#411cadb574c5a140d3a4b1910d40d80cc9f40b40"
  integrity sha1-QRyttXTFoUDTpLGRDUDYDMn0C0A=

pinkie-promise@^2.0.1:
  version "2.0.1"
  resolved "https://registry.yarnpkg.com/pinkie-promise/-/pinkie-promise-2.0.1.tgz#2135d6dfa7a358c069ac9b178776288228450ffa"
  integrity sha1-ITXW36ejWMBprJsXh3YogihFD/o=
  dependencies:
    pinkie "^2.0.0"

pinkie@^2.0.0:
  version "2.0.4"
  resolved "https://registry.yarnpkg.com/pinkie/-/pinkie-2.0.4.tgz#72556b80cfa0d48a974e80e77248e80ed4f7f870"
  integrity sha1-clVrgM+g1IqXToDnckjoDtT3+HA=

pump@^3.0.0:
  version "3.0.0"
  resolved "https://registry.yarnpkg.com/pump/-/pump-3.0.0.tgz#b4a2116815bde2f4e1ea602354e8c75565107a64"
  integrity sha512-LwZy+p3SFs1Pytd/jYct4wpv49HiYCqd9Rlc5ZVdk0V+8Yzv6jR5Blk3TRmPL1ft69TxP0IMZGJ+WPFU2BFhww==
  dependencies:
    end-of-stream "^1.1.0"
    once "^1.3.1"

query-string@^6.0.0:
  version "6.2.0"
  resolved "https://registry.yarnpkg.com/query-string/-/query-string-6.2.0.tgz#468edeb542b7e0538f9f9b1aeb26f034f19c86e1"
  integrity sha512-5wupExkIt8RYL4h/FE+WTg3JHk62e6fFPWtAZA9J5IWK1PfTfKkMS93HBUHcFpeYi9KsY5pFbh+ldvEyaz5MyA==
  dependencies:
    decode-uri-component "^0.2.0"
    strict-uri-encode "^2.0.0"

retry@^0.12.0:
  version "0.12.0"
  resolved "https://registry.yarnpkg.com/retry/-/retry-0.12.0.tgz#1b42a6266a21f07421d1b0b54b7dc167b01c013b"
  integrity sha1-G0KmJmoh8HQh0bC1S33BZ7AcATs=

ripemd160@^2.0.1:
  version "2.0.2"
  resolved "https://registry.yarnpkg.com/ripemd160/-/ripemd160-2.0.2.tgz#a1c1a6f624751577ba5d07914cbc92850585890c"
  integrity sha512-ii4iagi25WusVoiC4B4lq7pbXfAp3D9v5CwfkY33vffw2+pkDjY1D8GaN7spsxvCSx8dkPqOZCEZyfxcmJG2IA==
  dependencies:
    hash-base "^3.0.0"
    inherits "^2.0.1"

safe-buffer@^5.0.1, safe-buffer@^5.1.2:
  version "5.1.2"
  resolved "https://registry.yarnpkg.com/safe-buffer/-/safe-buffer-5.1.2.tgz#991ec69d296e0313747d59bdfd2b745c35f8828d"
  integrity sha512-Gd2UZBJDkXlY7GbJxfsE8/nvKkUEU1G38c1siN6QP6a9PT9MmHB8GnpscSmMJSoF8LOIrt8ud/wPtojys4G6+g==

semver@^5.5.0:
  version "5.6.0"
  resolved "https://registry.yarnpkg.com/semver/-/semver-5.6.0.tgz#7e74256fbaa49c75aa7c7a205cc22799cac80004"
  integrity sha512-RS9R6R35NYgQn++fkDWaOmqGoj4Ek9gGs+DPxNUZKuwE183xjJroKvyo1IzVFeXvUrvmALy6FWD5xrdJT25gMg==

sha.js@^2.4.0:
  version "2.4.11"
  resolved "https://registry.yarnpkg.com/sha.js/-/sha.js-2.4.11.tgz#37a5cf0b81ecbc6943de109ba2960d1b26584ae7"
  integrity sha512-QMEp5B7cftE7APOjk5Y6xgrbWu+WkLVQwk8JNjZ8nKRciZaByEW6MubieAiToS7+dwvrjGhH8jRXz3MVd0AYqQ==
  dependencies:
    inherits "^2.0.1"
    safe-buffer "^5.0.1"

shebang-command@^1.2.0:
  version "1.2.0"
  resolved "https://registry.yarnpkg.com/shebang-command/-/shebang-command-1.2.0.tgz#44aac65b695b03398968c39f363fee5deafdf1ea"
  integrity sha1-RKrGW2lbAzmJaMOfNj/uXer98eo=
  dependencies:
    shebang-regex "^1.0.0"

shebang-regex@^1.0.0:
  version "1.0.0"
  resolved "https://registry.yarnpkg.com/shebang-regex/-/shebang-regex-1.0.0.tgz#da42f49740c0b42db2ca9728571cb190c98efea3"
  integrity sha1-2kL0l0DAtC2yypcoVxyxkMmO/qM=

signal-exit@^3.0.0:
  version "3.0.2"
  resolved "https://registry.yarnpkg.com/signal-exit/-/signal-exit-3.0.2.tgz#b5fdc08f1287ea1178628e415e25132b73646c6d"
  integrity sha1-tf3AjxKH6hF4Yo5BXiUTK3NkbG0=

slugg@^1.2.0:
  version "1.2.1"
  resolved "https://registry.yarnpkg.com/slugg/-/slugg-1.2.1.tgz#e752af2241af3f2714463c5de225cea47608740a"
  integrity sha1-51KvIkGvPycURjxd4iXOpHYIdAo=

stream-lines@^1.2.0:
  version "1.2.0"
  resolved "https://registry.yarnpkg.com/stream-lines/-/stream-lines-1.2.0.tgz#4c821373bb3c4c03ab9f655bad51f61b95b1565c"
  integrity sha1-TIITc7s8TAOrn2VbrVH2G5WxVlw=
  dependencies:
    through3 "~1.1.1"

strict-uri-encode@^2.0.0:
  version "2.0.0"
  resolved "https://registry.yarnpkg.com/strict-uri-encode/-/strict-uri-encode-2.0.0.tgz#b9c7330c7042862f6b142dc274bbcc5866ce3546"
  integrity sha1-ucczDHBChi9rFC3CdLvMWGbONUY=

strip-eof@^1.0.0:
  version "1.0.0"
  resolved "https://registry.yarnpkg.com/strip-eof/-/strip-eof-1.0.0.tgz#bb43ff5598a6eb05d89b59fcd129c983313606bf"
  integrity sha1-u0P/VZim6wXYm1n80SnJgzE2Br8=

through3@~1.1.1:
  version "1.1.6"
  resolved "https://registry.yarnpkg.com/through3/-/through3-1.1.6.tgz#504aa5175efd54d9c6957784c890664b8685cf77"
  integrity sha1-UEqlF179VNnGlXeEyJBmS4aFz3c=

vbb-parse-line@^0.3.1:
  version "0.3.1"
  resolved "https://registry.yarnpkg.com/vbb-parse-line/-/vbb-parse-line-0.3.1.tgz#e21156d23ff36ad897fb6dcad84cfc90a637646d"
  integrity sha512-H3JgRlnBant5q6B4dkFWzvWpLcXsMydnfuo9DB1PS0PSmV4qgYdrj3aKLty1nChtoykBagv51QFR46JCR+fTcw==

vbb-parse-ticket@^0.2.1:
  version "0.2.1"
  resolved "https://registry.yarnpkg.com/vbb-parse-ticket/-/vbb-parse-ticket-0.2.1.tgz#e3e5eaf671fdb25cfbabea52934681fe6c3aff30"
  integrity sha512-Di1/AOrKGrGTBfdrZZXSCmq73E/RVuGys12BAFraHu5Swwj/TTXfvV8FrnHifCHEMoZIfLmH4avnF7xVa+46Sw==

vbb-short-station-name@^1.0.1:
  version "1.0.1"
  resolved "https://registry.yarnpkg.com/vbb-short-station-name/-/vbb-short-station-name-1.0.1.tgz#e6d89a16795b6999d3b43092ac9d8bed90103fdd"
  integrity sha512-3pAW9RtwqTeQvTABYRJVkBNmbxkCBxrQyALNRkG+owiZUgt4yT3aH2ln25TV0EzEqZzgjVjcK1RwOyL/MMYz5w==

vbb-stations@^6.2.1:
  version "6.8.0"
  resolved "https://registry.yarnpkg.com/vbb-stations/-/vbb-stations-6.8.0.tgz#cea1c578427cd62e6a69bc3fcb2a802a4818f1ae"
  integrity sha512-Yqh1F8ayeIO44mCw5ZignnbygzzzPOk6TClKRqa/jFrAW6uHwGnN8Wi85u3US3zu/oFx4CCrMBHkRZFZsiwcag==
  dependencies:
    lodash.get "^4.4.2"

vbb-translate-ids@^3.1.0:
  version "3.1.0"
  resolved "https://registry.yarnpkg.com/vbb-translate-ids/-/vbb-translate-ids-3.1.0.tgz#ea3ed30a60b2f1dff1340a65d9cfb442da986e05"
  integrity sha512-5APLiY9foEeKQfUXBSz0sasTOrReTuua4uMhENdVzMWvcyuQI61Q+RBITFXhdeALz5+W0/67MoO4IhxAVSuJ/w==

websocket-pool@^1.3.1:
  version "1.3.1"
  resolved "https://registry.yarnpkg.com/websocket-pool/-/websocket-pool-1.3.1.tgz#cc69c237cb5dc689553ed67890a291222a084b26"
  integrity sha512-4D7kAPGDmjm0vm5x3JvUyO31tNU7DtW6BLp+iQw6Wja7nRuKBZEIE41woaZj1zqcGPtBshK5ulm7neY4Xy9hpQ==
  dependencies:
    debug "^3.1.0"
    retry "^0.12.0"

which@^1.2.9:
  version "1.3.1"
  resolved "https://registry.yarnpkg.com/which/-/which-1.3.1.tgz#a45043d54f5805316da8d62f9f50918d3da70b0a"
  integrity sha512-HxJdYWq1MTIQbJ3nw0cqssHoTNU267KlrDuGZ1WYlxDStUtKUhOaJmh112/TZmHxxUfuJqPXSOm7tDyas0OSIQ==
  dependencies:
    isexe "^2.0.0"

wrappy@1:
  version "1.0.2"
  resolved "https://registry.yarnpkg.com/wrappy/-/wrappy-1.0.2.tgz#b5243d8f3ec1aa35f1364605bc0d1036e30ab69f"
  integrity sha1-tSQ9jz7BqjXxNkYFvA0QNuMKtp8=

ws@^5.2.2:
  version "5.2.2"
  resolved "https://registry.yarnpkg.com/ws/-/ws-5.2.2.tgz#dffef14866b8e8dc9133582514d1befaf96e980f"
  integrity sha512-jaHFD6PFv6UgoIVda6qZllptQsMlDEJkTQcybzzXDYM1XO9Y8em691FGMPmM46WGyLU4z9KMgQN+qrux/nhlHA==
  dependencies:
    async-limiter "~1.0.0"
